
Microsoft Visual Studio Solution File, Format Version 12.00
# Visual Studio 14
VisualStudioVersion = 14.0.24720.0
MinimumVisualStudioVersion = 10.0.40219.1
Project("{2150E333-8FDC-42A3-9474-1A3956D46DE8}") = "src", "src", "{696187AB-D55D-44FA-874A-2DFCD93EF15A}"
EndProject
Project("{2150E333-8FDC-42A3-9474-1A3956D46DE8}") = "Solution Items", "Solution Items", "{3A866F2A-8F45-4000-A494-180CD1FA1C95}"
	ProjectSection(SolutionItems) = preProject
		global.json = global.json
	EndProjectSection
EndProject
Project("{8BB2217D-0F2D-49D1-97BC-3654ED321F3B}") = "Parkeergarages", "src\Parkeergarages\Parkeergarages.xproj", "{56D34E77-F21C-4992-A0EE-A78FB9A76C90}"
EndProject
Global
	GlobalSection(SolutionConfigurationPlatforms) = preSolution
		Debug|Any CPU = Debug|Any CPU
		Release|Any CPU = Release|Any CPU
	EndGlobalSection
	GlobalSection(ProjectConfigurationPlatforms) = postSolution
		{56D34E77-F21C-4992-A0EE-A78FB9A76C90}.Debug|Any CPU.ActiveCfg = Debug|Any CPU
		{56D34E77-F21C-4992-A0EE-A78FB9A76C90}.Debug|Any CPU.Build.0 = Debug|Any CPU
		{56D34E77-F21C-4992-A0EE-A78FB9A76C90}.Release|Any CPU.ActiveCfg = Release|Any CPU
		{56D34E77-F21C-4992-A0EE-A78FB9A76C90}.Release|Any CPU.Build.0 = Release|Any CPU
	EndGlobalSection
	GlobalSection(SolutionProperties) = preSolution
		HideSolutionNode = FALSE
	EndGlobalSection
	GlobalSection(NestedProjects) = preSolution
		{56D34E77-F21C-4992-A0EE-A78FB9A76C90} = {696187AB-D55D-44FA-874A-2DFCD93EF15A}
	EndGlobalSection
EndGlobal
